// !$*UTF8*$!
{
	archiveVersion = 1;
	classes = {
	};
	objectVersion = 46;
	objects = {

/* Begin PBXBuildFile section */
		3E23547F1ACC8D66009B0DB0 /* WESQualityOfLifeFooterTableViewCell.m in Sources */ = {isa = PBXBuildFile; fileRef = 3E23547E1ACC8D66009B0DB0 /* WESQualityOfLifeFooterTableViewCell.m */; };
		3E2354821AD0D741009B0DB0 /* WESCISSViewController.m in Sources */ = {isa = PBXBuildFile; fileRef = 3E2354811AD0D741009B0DB0 /* WESCISSViewController.m */; };
		3E4B1F2A1AA3F39600EB20EC /* Antibiotics.json in Resources */ = {isa = PBXBuildFile; fileRef = 3E4B1F291AA3F39600EB20EC /* Antibiotics.json */; };
		3E4FE1151A4BD95F00A2B993 /* main.m in Sources */ = {isa = PBXBuildFile; fileRef = 3E4FE1141A4BD95F00A2B993 /* main.m */; };
		3E4FE1181A4BD95F00A2B993 /* AppDelegate.m in Sources */ = {isa = PBXBuildFile; fileRef = 3E4FE1171A4BD95F00A2B993 /* AppDelegate.m */; };
		3E4FE11E1A4BD95F00A2B993 /* Main.storyboard in Resources */ = {isa = PBXBuildFile; fileRef = 3E4FE11C1A4BD95F00A2B993 /* Main.storyboard */; };
		3E4FE1201A4BD95F00A2B993 /* Images.xcassets in Resources */ = {isa = PBXBuildFile; fileRef = 3E4FE11F1A4BD95F00A2B993 /* Images.xcassets */; };
		3E4FE1231A4BD95F00A2B993 /* LaunchScreen.xib in Resources */ = {isa = PBXBuildFile; fileRef = 3E4FE1211A4BD95F00A2B993 /* LaunchScreen.xib */; };
		3E4FE12F1A4BD95F00A2B993 /* WESOptGuideTests.m in Sources */ = {isa = PBXBuildFile; fileRef = 3E4FE12E1A4BD95F00A2B993 /* WESOptGuideTests.m */; };
		3E4FE13A1A4BDA0C00A2B993 /* WESDrugTableViewController.m in Sources */ = {isa = PBXBuildFile; fileRef = 3E4FE1391A4BDA0C00A2B993 /* WESDrugTableViewController.m */; };
		3E4FE13D1A4BDB0900A2B993 /* WESDrug.m in Sources */ = {isa = PBXBuildFile; fileRef = 3E4FE13C1A4BDB0900A2B993 /* WESDrug.m */; };
		3E4FE1401A4BE21200A2B993 /* WESDrugDetailViewController.m in Sources */ = {isa = PBXBuildFile; fileRef = 3E4FE13F1A4BE21200A2B993 /* WESDrugDetailViewController.m */; };
		3E4FE1471A4BE94A00A2B993 /* WESAcronymViewController.m in Sources */ = {isa = PBXBuildFile; fileRef = 3E4FE1461A4BE94A00A2B993 /* WESAcronymViewController.m */; };
		3E4FE14A1A4BE97900A2B993 /* WESAcronym.m in Sources */ = {isa = PBXBuildFile; fileRef = 3E4FE1491A4BE97900A2B993 /* WESAcronym.m */; };
		3EC26C811ABA208500FD0A88 /* WESDrugTransition.m in Sources */ = {isa = PBXBuildFile; fileRef = 3EC26C801ABA208500FD0A88 /* WESDrugTransition.m */; };
		3ECB0A8B1AC2536D00A2AAAB /* WESJNC8SummaryViewController.m in Sources */ = {isa = PBXBuildFile; fileRef = 3ECB0A8A1AC2536D00A2AAAB /* WESJNC8SummaryViewController.m */; };
		3ECB0A8E1AC3590000A2AAAB /* WESQualityOfLifeViewController.m in Sources */ = {isa = PBXBuildFile; fileRef = 3ECB0A8D1AC3590000A2AAAB /* WESQualityOfLifeViewController.m */; };
		3ECB0A911AC3623D00A2AAAB /* WESQualityQuestionCellTableViewCell.m in Sources */ = {isa = PBXBuildFile; fileRef = 3ECB0A901AC3623D00A2AAAB /* WESQualityQuestionCellTableViewCell.m */; };
		3EF6F7E01AA3FE980058D909 /* Anti_Allergy_Medications.json in Resources */ = {isa = PBXBuildFile; fileRef = 3EF6F7DF1AA3FE980058D909 /* Anti_Allergy_Medications.json */; };
		3EF6F7E21AA4D25A0058D909 /* AntiInflamatory.json in Resources */ = {isa = PBXBuildFile; fileRef = 3EF6F7E11AA4D25A0058D909 /* AntiInflamatory.json */; };
		3EF6F7E41AA4D42E0058D909 /* steroidAntibiotic.json in Resources */ = {isa = PBXBuildFile; fileRef = 3EF6F7E31AA4D42E0058D909 /* steroidAntibiotic.json */; };
		3EF6F7E61AA4D9630058D909 /* nsAids.json in Resources */ = {isa = PBXBuildFile; fileRef = 3EF6F7E51AA4D9630058D909 /* nsAids.json */; };
		3EF6F7E81AA6B11A0058D909 /* antivirals.json in Resources */ = {isa = PBXBuildFile; fileRef = 3EF6F7E71AA6B11A0058D909 /* antivirals.json */; };
		3EF6F7EA1AA6B2650058D909 /* glaucoma.json in Resources */ = {isa = PBXBuildFile; fileRef = 3EF6F7E91AA6B2650058D909 /* glaucoma.json */; };
		3EF6F7EF1AA6B7010058D909 /* redEye.jpg in Resources */ = {isa = PBXBuildFile; fileRef = 3EF6F7EB1AA6B7010058D909 /* redEye.jpg */; };
		3EF6F7F01AA6B7010058D909 /* visualLoss.jpg in Resources */ = {isa = PBXBuildFile; fileRef = 3EF6F7EC1AA6B7010058D909 /* visualLoss.jpg */; };
		3EF6F7F11AA6B7010058D909 /* epiphora.jpg in Resources */ = {isa = PBXBuildFile; fileRef = 3EF6F7ED1AA6B7010058D909 /* epiphora.jpg */; };
		3EF6F7F21AA6B7010058D909 /* diplopia.jpg in Resources */ = {isa = PBXBuildFile; fileRef = 3EF6F7EE1AA6B7010058D909 /* diplopia.jpg */; };
		3EF6F7F51AA6B8890058D909 /* WESFlowChartTableViewController.m in Sources */ = {isa = PBXBuildFile; fileRef = 3EF6F7F41AA6B8890058D909 /* WESFlowChartTableViewController.m */; };
		3EF6F7F81AA6B8C60058D909 /* WESFlowChartTableViewCell.m in Sources */ = {isa = PBXBuildFile; fileRef = 3EF6F7F71AA6B8C60058D909 /* WESFlowChartTableViewCell.m */; };
		3EF6F7FB1AA7B7D80058D909 /* WESFlowChartDetailViewController.m in Sources */ = {isa = PBXBuildFile; fileRef = 3EF6F7FA1AA7B7D80058D909 /* WESFlowChartDetailViewController.m */; };
		3EF6F7FE1AA7CBE30058D909 /* WESAcronymTableViewCell.m in Sources */ = {isa = PBXBuildFile; fileRef = 3EF6F7FD1AA7CBE30058D909 /* WESAcronymTableViewCell.m */; };
		3EF6F8061AA7D91F0058D909 /* WESHeaderTableViewCell.m in Sources */ = {isa = PBXBuildFile; fileRef = 3EF6F8051AA7D91F0058D909 /* WESHeaderTableViewCell.m */; };
/* End PBXBuildFile section */

/* Begin PBXContainerItemProxy section */
		3E4FE1291A4BD95F00A2B993 /* PBXContainerItemProxy */ = {
			isa = PBXContainerItemProxy;
			containerPortal = 3E4FE1071A4BD95F00A2B993 /* Project object */;
			proxyType = 1;
			remoteGlobalIDString = 3E4FE10E1A4BD95F00A2B993;
			remoteInfo = WESOptGuide;
		};
/* End PBXContainerItemProxy section */

/* Begin PBXFileReference section */
		3E23547D1ACC8D66009B0DB0 /* WESQualityOfLifeFooterTableViewCell.h */ = {isa = PBXFileReference; fileEncoding = 4; lastKnownFileType = sourcecode.c.h; path = WESQualityOfLifeFooterTableViewCell.h; sourceTree = "<group>"; };
		3E23547E1ACC8D66009B0DB0 /* WESQualityOfLifeFooterTableViewCell.m */ = {isa = PBXFileReference; fileEncoding = 4; lastKnownFileType = sourcecode.c.objc; path = WESQualityOfLifeFooterTableViewCell.m; sourceTree = "<group>"; };
		3E2354801AD0D741009B0DB0 /* WESCISSViewController.h */ = {isa = PBXFileReference; fileEncoding = 4; lastKnownFileType = sourcecode.c.h; path = WESCISSViewController.h; sourceTree = "<group>"; };
		3E2354811AD0D741009B0DB0 /* WESCISSViewController.m */ = {isa = PBXFileReference; fileEncoding = 4; lastKnownFileType = sourcecode.c.objc; path = WESCISSViewController.m; sourceTree = "<group>"; };
		3E4B1F291AA3F39600EB20EC /* Antibiotics.json */ = {isa = PBXFileReference; fileEncoding = 4; lastKnownFileType = text.json; path = Antibiotics.json; sourceTree = "<group>"; };
		3E4FE10F1A4BD95F00A2B993 /* WESOptGuide.app */ = {isa = PBXFileReference; explicitFileType = wrapper.application; includeInIndex = 0; path = WESOptGuide.app; sourceTree = BUILT_PRODUCTS_DIR; };
		3E4FE1131A4BD95F00A2B993 /* Info.plist */ = {isa = PBXFileReference; lastKnownFileType = text.plist.xml; path = Info.plist; sourceTree = "<group>"; };
		3E4FE1141A4BD95F00A2B993 /* main.m */ = {isa = PBXFileReference; lastKnownFileType = sourcecode.c.objc; path = main.m; sourceTree = "<group>"; };
		3E4FE1161A4BD95F00A2B993 /* AppDelegate.h */ = {isa = PBXFileReference; lastKnownFileType = sourcecode.c.h; path = AppDelegate.h; sourceTree = "<group>"; };
		3E4FE1171A4BD95F00A2B993 /* AppDelegate.m */ = {isa = PBXFileReference; lastKnownFileType = sourcecode.c.objc; path = AppDelegate.m; sourceTree = "<group>"; };
		3E4FE11D1A4BD95F00A2B993 /* Base */ = {isa = PBXFileReference; lastKnownFileType = file.storyboard; name = Base; path = Base.lproj/Main.storyboard; sourceTree = "<group>"; };
		3E4FE11F1A4BD95F00A2B993 /* Images.xcassets */ = {isa = PBXFileReference; lastKnownFileType = folder.assetcatalog; path = Images.xcassets; sourceTree = "<group>"; };
		3E4FE1221A4BD95F00A2B993 /* Base */ = {isa = PBXFileReference; lastKnownFileType = file.xib; name = Base; path = Base.lproj/LaunchScreen.xib; sourceTree = "<group>"; };
		3E4FE1281A4BD95F00A2B993 /* WESOptGuideTests.xctest */ = {isa = PBXFileReference; explicitFileType = wrapper.cfbundle; includeInIndex = 0; path = WESOptGuideTests.xctest; sourceTree = BUILT_PRODUCTS_DIR; };
		3E4FE12D1A4BD95F00A2B993 /* Info.plist */ = {isa = PBXFileReference; lastKnownFileType = text.plist.xml; path = Info.plist; sourceTree = "<group>"; };
		3E4FE12E1A4BD95F00A2B993 /* WESOptGuideTests.m */ = {isa = PBXFileReference; lastKnownFileType = sourcecode.c.objc; path = WESOptGuideTests.m; sourceTree = "<group>"; };
		3E4FE1381A4BDA0C00A2B993 /* WESDrugTableViewController.h */ = {isa = PBXFileReference; fileEncoding = 4; lastKnownFileType = sourcecode.c.h; path = WESDrugTableViewController.h; sourceTree = "<group>"; };
		3E4FE1391A4BDA0C00A2B993 /* WESDrugTableViewController.m */ = {isa = PBXFileReference; fileEncoding = 4; lastKnownFileType = sourcecode.c.objc; path = WESDrugTableViewController.m; sourceTree = "<group>"; };
		3E4FE13B1A4BDB0900A2B993 /* WESDrug.h */ = {isa = PBXFileReference; fileEncoding = 4; lastKnownFileType = sourcecode.c.h; path = WESDrug.h; sourceTree = "<group>"; };
		3E4FE13C1A4BDB0900A2B993 /* WESDrug.m */ = {isa = PBXFileReference; fileEncoding = 4; lastKnownFileType = sourcecode.c.objc; path = WESDrug.m; sourceTree = "<group>"; };
		3E4FE13E1A4BE21200A2B993 /* WESDrugDetailViewController.h */ = {isa = PBXFileReference; fileEncoding = 4; lastKnownFileType = sourcecode.c.h; path = WESDrugDetailViewController.h; sourceTree = "<group>"; };
		3E4FE13F1A4BE21200A2B993 /* WESDrugDetailViewController.m */ = {isa = PBXFileReference; fileEncoding = 4; lastKnownFileType = sourcecode.c.objc; path = WESDrugDetailViewController.m; sourceTree = "<group>"; };
		3E4FE1451A4BE94A00A2B993 /* WESAcronymViewController.h */ = {isa = PBXFileReference; fileEncoding = 4; lastKnownFileType = sourcecode.c.h; path = WESAcronymViewController.h; sourceTree = "<group>"; };
		3E4FE1461A4BE94A00A2B993 /* WESAcronymViewController.m */ = {isa = PBXFileReference; fileEncoding = 4; lastKnownFileType = sourcecode.c.objc; path = WESAcronymViewController.m; sourceTree = "<group>"; };
		3E4FE1481A4BE97900A2B993 /* WESAcronym.h */ = {isa = PBXFileReference; fileEncoding = 4; lastKnownFileType = sourcecode.c.h; path = WESAcronym.h; sourceTree = "<group>"; };
		3E4FE1491A4BE97900A2B993 /* WESAcronym.m */ = {isa = PBXFileReference; fileEncoding = 4; lastKnownFileType = sourcecode.c.objc; path = WESAcronym.m; sourceTree = "<group>"; };
		3EC26C7F1ABA208500FD0A88 /* WESDrugTransition.h */ = {isa = PBXFileReference; fileEncoding = 4; lastKnownFileType = sourcecode.c.h; path = WESDrugTransition.h; sourceTree = "<group>"; };
		3EC26C801ABA208500FD0A88 /* WESDrugTransition.m */ = {isa = PBXFileReference; fileEncoding = 4; lastKnownFileType = sourcecode.c.objc; path = WESDrugTransition.m; sourceTree = "<group>"; };
		3ECB0A891AC2536D00A2AAAB /* WESJNC8SummaryViewController.h */ = {isa = PBXFileReference; fileEncoding = 4; lastKnownFileType = sourcecode.c.h; path = WESJNC8SummaryViewController.h; sourceTree = "<group>"; };
		3ECB0A8A1AC2536D00A2AAAB /* WESJNC8SummaryViewController.m */ = {isa = PBXFileReference; fileEncoding = 4; lastKnownFileType = sourcecode.c.objc; path = WESJNC8SummaryViewController.m; sourceTree = "<group>"; };
		3ECB0A8C1AC3590000A2AAAB /* WESQualityOfLifeViewController.h */ = {isa = PBXFileReference; fileEncoding = 4; lastKnownFileType = sourcecode.c.h; path = WESQualityOfLifeViewController.h; sourceTree = "<group>"; };
		3ECB0A8D1AC3590000A2AAAB /* WESQualityOfLifeViewController.m */ = {isa = PBXFileReference; fileEncoding = 4; lastKnownFileType = sourcecode.c.objc; path = WESQualityOfLifeViewController.m; sourceTree = "<group>"; };
		3ECB0A8F1AC3623D00A2AAAB /* WESQualityQuestionCellTableViewCell.h */ = {isa = PBXFileReference; fileEncoding = 4; lastKnownFileType = sourcecode.c.h; path = WESQualityQuestionCellTableViewCell.h; sourceTree = "<group>"; };
		3ECB0A901AC3623D00A2AAAB /* WESQualityQuestionCellTableViewCell.m */ = {isa = PBXFileReference; fileEncoding = 4; lastKnownFileType = sourcecode.c.objc; path = WESQualityQuestionCellTableViewCell.m; sourceTree = "<group>"; };
		3EF6F7DF1AA3FE980058D909 /* Anti_Allergy_Medications.json */ = {isa = PBXFileReference; fileEncoding = 4; lastKnownFileType = text.json; path = Anti_Allergy_Medications.json; sourceTree = "<group>"; };
		3EF6F7E11AA4D25A0058D909 /* AntiInflamatory.json */ = {isa = PBXFileReference; fileEncoding = 4; lastKnownFileType = text.json; path = AntiInflamatory.json; sourceTree = "<group>"; };
		3EF6F7E31AA4D42E0058D909 /* steroidAntibiotic.json */ = {isa = PBXFileReference; fileEncoding = 4; lastKnownFileType = text.json; path = steroidAntibiotic.json; sourceTree = "<group>"; };
		3EF6F7E51AA4D9630058D909 /* nsAids.json */ = {isa = PBXFileReference; fileEncoding = 4; lastKnownFileType = text.json; path = nsAids.json; sourceTree = "<group>"; };
		3EF6F7E71AA6B11A0058D909 /* antivirals.json */ = {isa = PBXFileReference; fileEncoding = 4; lastKnownFileType = text.json; path = antivirals.json; sourceTree = "<group>"; };
		3EF6F7E91AA6B2650058D909 /* glaucoma.json */ = {isa = PBXFileReference; fileEncoding = 4; lastKnownFileType = text.json; path = glaucoma.json; sourceTree = "<group>"; };
		3EF6F7EB1AA6B7010058D909 /* redEye.jpg */ = {isa = PBXFileReference; lastKnownFileType = image.jpeg; path = redEye.jpg; sourceTree = "<group>"; };
		3EF6F7EC1AA6B7010058D909 /* visualLoss.jpg */ = {isa = PBXFileReference; lastKnownFileType = image.jpeg; path = visualLoss.jpg; sourceTree = "<group>"; };
		3EF6F7ED1AA6B7010058D909 /* epiphora.jpg */ = {isa = PBXFileReference; lastKnownFileType = image.jpeg; path = epiphora.jpg; sourceTree = "<group>"; };
		3EF6F7EE1AA6B7010058D909 /* diplopia.jpg */ = {isa = PBXFileReference; lastKnownFileType = image.jpeg; path = diplopia.jpg; sourceTree = "<group>"; };
		3EF6F7F31AA6B8890058D909 /* WESFlowChartTableViewController.h */ = {isa = PBXFileReference; fileEncoding = 4; lastKnownFileType = sourcecode.c.h; path = WESFlowChartTableViewController.h; sourceTree = "<group>"; };
		3EF6F7F41AA6B8890058D909 /* WESFlowChartTableViewController.m */ = {isa = PBXFileReference; fileEncoding = 4; lastKnownFileType = sourcecode.c.objc; path = WESFlowChartTableViewController.m; sourceTree = "<group>"; };
		3EF6F7F61AA6B8C60058D909 /* WESFlowChartTableViewCell.h */ = {isa = PBXFileReference; fileEncoding = 4; lastKnownFileType = sourcecode.c.h; path = WESFlowChartTableViewCell.h; sourceTree = "<group>"; };
		3EF6F7F71AA6B8C60058D909 /* WESFlowChartTableViewCell.m */ = {isa = PBXFileReference; fileEncoding = 4; lastKnownFileType = sourcecode.c.objc; path = WESFlowChartTableViewCell.m; sourceTree = "<group>"; };
		3EF6F7F91AA7B7D80058D909 /* WESFlowChartDetailViewController.h */ = {isa = PBXFileReference; fileEncoding = 4; lastKnownFileType = sourcecode.c.h; path = WESFlowChartDetailViewController.h; sourceTree = "<group>"; };
		3EF6F7FA1AA7B7D80058D909 /* WESFlowChartDetailViewController.m */ = {isa = PBXFileReference; fileEncoding = 4; lastKnownFileType = sourcecode.c.objc; path = WESFlowChartDetailViewController.m; sourceTree = "<group>"; };
		3EF6F7FC1AA7CBE30058D909 /* WESAcronymTableViewCell.h */ = {isa = PBXFileReference; fileEncoding = 4; lastKnownFileType = sourcecode.c.h; path = WESAcronymTableViewCell.h; sourceTree = "<group>"; };
		3EF6F7FD1AA7CBE30058D909 /* WESAcronymTableViewCell.m */ = {isa = PBXFileReference; fileEncoding = 4; lastKnownFileType = sourcecode.c.objc; path = WESAcronymTableViewCell.m; sourceTree = "<group>"; };
		3EF6F8041AA7D91F0058D909 /* WESHeaderTableViewCell.h */ = {isa = PBXFileReference; fileEncoding = 4; lastKnownFileType = sourcecode.c.h; path = WESHeaderTableViewCell.h; sourceTree = "<group>"; };
		3EF6F8051AA7D91F0058D909 /* WESHeaderTableViewCell.m */ = {isa = PBXFileReference; fileEncoding = 4; lastKnownFileType = sourcecode.c.objc; path = WESHeaderTableViewCell.m; sourceTree = "<group>"; };
/* End PBXFileReference section */

/* Begin PBXFrameworksBuildPhase section */
		3E4FE10C1A4BD95F00A2B993 /* Frameworks */ = {
			isa = PBXFrameworksBuildPhase;
			buildActionMask = 2147483647;
			files = (
			);
			runOnlyForDeploymentPostprocessing = 0;
		};
		3E4FE1251A4BD95F00A2B993 /* Frameworks */ = {
			isa = PBXFrameworksBuildPhase;
			buildActionMask = 2147483647;
			files = (
			);
			runOnlyForDeploymentPostprocessing = 0;
		};
/* End PBXFrameworksBuildPhase section */

/* Begin PBXGroup section */
		3E4FE1061A4BD95F00A2B993 = {
			isa = PBXGroup;
			children = (
				3E4FE1111A4BD95F00A2B993 /* WESOptGuide */,
				3E4FE12B1A4BD95F00A2B993 /* WESOptGuideTests */,
				3E4FE1101A4BD95F00A2B993 /* Products */,
			);
			sourceTree = "<group>";
		};
		3E4FE1101A4BD95F00A2B993 /* Products */ = {
			isa = PBXGroup;
			children = (
				3E4FE10F1A4BD95F00A2B993 /* WESOptGuide.app */,
				3E4FE1281A4BD95F00A2B993 /* WESOptGuideTests.xctest */,
			);
			name = Products;
			sourceTree = "<group>";
		};
		3E4FE1111A4BD95F00A2B993 /* WESOptGuide */ = {
			isa = PBXGroup;
			children = (
				3E4FE1161A4BD95F00A2B993 /* AppDelegate.h */,
				3E4FE1171A4BD95F00A2B993 /* AppDelegate.m */,
				3E4FE1431A4BE90C00A2B993 /* View */,
				3E4FE1421A4BE90300A2B993 /* Controller */,
				3E4FE1411A4BE8F200A2B993 /* Model */,
				3E4FE1441A4BE92100A2B993 /* Other */,
			);
			path = WESOptGuide;
			sourceTree = "<group>";
		};
		3E4FE1121A4BD95F00A2B993 /* Supporting Files */ = {
			isa = PBXGroup;
			children = (
				3E4FE1131A4BD95F00A2B993 /* Info.plist */,
				3E4FE1141A4BD95F00A2B993 /* main.m */,
				3EF6F7EB1AA6B7010058D909 /* redEye.jpg */,
				3EF6F7EC1AA6B7010058D909 /* visualLoss.jpg */,
				3EF6F7ED1AA6B7010058D909 /* epiphora.jpg */,
				3EF6F7EE1AA6B7010058D909 /* diplopia.jpg */,
				3E4B1F291AA3F39600EB20EC /* Antibiotics.json */,
				3EF6F7DF1AA3FE980058D909 /* Anti_Allergy_Medications.json */,
				3EF6F7E11AA4D25A0058D909 /* AntiInflamatory.json */,
				3EF6F7E31AA4D42E0058D909 /* steroidAntibiotic.json */,
				3EF6F7E51AA4D9630058D909 /* nsAids.json */,
				3EF6F7E71AA6B11A0058D909 /* antivirals.json */,
				3EF6F7E91AA6B2650058D909 /* glaucoma.json */,
			);
			name = "Supporting Files";
			sourceTree = "<group>";
		};
		3E4FE12B1A4BD95F00A2B993 /* WESOptGuideTests */ = {
			isa = PBXGroup;
			children = (
				3E4FE12E1A4BD95F00A2B993 /* WESOptGuideTests.m */,
				3E4FE12C1A4BD95F00A2B993 /* Supporting Files */,
			);
			path = WESOptGuideTests;
			sourceTree = "<group>";
		};
		3E4FE12C1A4BD95F00A2B993 /* Supporting Files */ = {
			isa = PBXGroup;
			children = (
				3E4FE12D1A4BD95F00A2B993 /* Info.plist */,
			);
			name = "Supporting Files";
			sourceTree = "<group>";
		};
		3E4FE1411A4BE8F200A2B993 /* Model */ = {
			isa = PBXGroup;
			children = (
				3E4FE13B1A4BDB0900A2B993 /* WESDrug.h */,
				3E4FE13C1A4BDB0900A2B993 /* WESDrug.m */,
				3E4FE1481A4BE97900A2B993 /* WESAcronym.h */,
				3E4FE1491A4BE97900A2B993 /* WESAcronym.m */,
			);
			name = Model;
			sourceTree = "<group>";
		};
		3E4FE1421A4BE90300A2B993 /* Controller */ = {
			isa = PBXGroup;
			children = (
				3E4FE1381A4BDA0C00A2B993 /* WESDrugTableViewController.h */,
				3E4FE1391A4BDA0C00A2B993 /* WESDrugTableViewController.m */,
				3E4FE13E1A4BE21200A2B993 /* WESDrugDetailViewController.h */,
				3E4FE13F1A4BE21200A2B993 /* WESDrugDetailViewController.m */,
				3E4FE1451A4BE94A00A2B993 /* WESAcronymViewController.h */,
				3E4FE1461A4BE94A00A2B993 /* WESAcronymViewController.m */,
				3EF6F7F31AA6B8890058D909 /* WESFlowChartTableViewController.h */,
				3EF6F7F41AA6B8890058D909 /* WESFlowChartTableViewController.m */,
				3EF6F7F91AA7B7D80058D909 /* WESFlowChartDetailViewController.h */,
				3EF6F7FA1AA7B7D80058D909 /* WESFlowChartDetailViewController.m */,
				3ECB0A891AC2536D00A2AAAB /* WESJNC8SummaryViewController.h */,
				3ECB0A8A1AC2536D00A2AAAB /* WESJNC8SummaryViewController.m */,
				3ECB0A8C1AC3590000A2AAAB /* WESQualityOfLifeViewController.h */,
				3ECB0A8D1AC3590000A2AAAB /* WESQualityOfLifeViewController.m */,
				3E2354801AD0D741009B0DB0 /* WESCISSViewController.h */,
				3E2354811AD0D741009B0DB0 /* WESCISSViewController.m */,
			);
			name = Controller;
			sourceTree = "<group>";
		};
		3E4FE1431A4BE90C00A2B993 /* View */ = {
			isa = PBXGroup;
			children = (
				3E4FE11C1A4BD95F00A2B993 /* Main.storyboard */,
				3EF6F7F61AA6B8C60058D909 /* WESFlowChartTableViewCell.h */,
				3EF6F7F71AA6B8C60058D909 /* WESFlowChartTableViewCell.m */,
				3EF6F7FC1AA7CBE30058D909 /* WESAcronymTableViewCell.h */,
				3EF6F7FD1AA7CBE30058D909 /* WESAcronymTableViewCell.m */,
				3EF6F8041AA7D91F0058D909 /* WESHeaderTableViewCell.h */,
				3EF6F8051AA7D91F0058D909 /* WESHeaderTableViewCell.m */,
				3EC26C7F1ABA208500FD0A88 /* WESDrugTransition.h */,
				3EC26C801ABA208500FD0A88 /* WESDrugTransition.m */,
				3ECB0A8F1AC3623D00A2AAAB /* WESQualityQuestionCellTableViewCell.h */,
				3ECB0A901AC3623D00A2AAAB /* WESQualityQuestionCellTableViewCell.m */,
				3E23547D1ACC8D66009B0DB0 /* WESQualityOfLifeFooterTableViewCell.h */,
				3E23547E1ACC8D66009B0DB0 /* WESQualityOfLifeFooterTableViewCell.m */,
			);
			name = View;
			sourceTree = "<group>";
		};
		3E4FE1441A4BE92100A2B993 /* Other */ = {
			isa = PBXGroup;
			children = (
				3E4FE11F1A4BD95F00A2B993 /* Images.xcassets */,
				3E4FE1211A4BD95F00A2B993 /* LaunchScreen.xib */,
				3E4FE1121A4BD95F00A2B993 /* Supporting Files */,
			);
			name = Other;
			sourceTree = "<group>";
		};
/* End PBXGroup section */

/* Begin PBXNativeTarget section */
		3E4FE10E1A4BD95F00A2B993 /* WESOptGuide */ = {
			isa = PBXNativeTarget;
			buildConfigurationList = 3E4FE1321A4BD95F00A2B993 /* Build configuration list for PBXNativeTarget "WESOptGuide" */;
			buildPhases = (
				3E4FE10B1A4BD95F00A2B993 /* Sources */,
				3E4FE10C1A4BD95F00A2B993 /* Frameworks */,
				3E4FE10D1A4BD95F00A2B993 /* Resources */,
			);
			buildRules = (
			);
			dependencies = (
			);
			name = WESOptGuide;
			productName = WESOptGuide;
			productReference = 3E4FE10F1A4BD95F00A2B993 /* WESOptGuide.app */;
			productType = "com.apple.product-type.application";
		};
		3E4FE1271A4BD95F00A2B993 /* WESOptGuideTests */ = {
			isa = PBXNativeTarget;
			buildConfigurationList = 3E4FE1351A4BD95F00A2B993 /* Build configuration list for PBXNativeTarget "WESOptGuideTests" */;
			buildPhases = (
				3E4FE1241A4BD95F00A2B993 /* Sources */,
				3E4FE1251A4BD95F00A2B993 /* Frameworks */,
				3E4FE1261A4BD95F00A2B993 /* Resources */,
			);
			buildRules = (
			);
			dependencies = (
				3E4FE12A1A4BD95F00A2B993 /* PBXTargetDependency */,
			);
			name = WESOptGuideTests;
			productName = WESOptGuideTests;
			productReference = 3E4FE1281A4BD95F00A2B993 /* WESOptGuideTests.xctest */;
			productType = "com.apple.product-type.bundle.unit-test";
		};
/* End PBXNativeTarget section */

/* Begin PBXProject section */
		3E4FE1071A4BD95F00A2B993 /* Project object */ = {
			isa = PBXProject;
			attributes = {
				LastUpgradeCheck = 0610;
				ORGANIZATIONNAME = "Matt Remick";
				TargetAttributes = {
					3E4FE10E1A4BD95F00A2B993 = {
						CreatedOnToolsVersion = 6.1.1;
					};
					3E4FE1271A4BD95F00A2B993 = {
						CreatedOnToolsVersion = 6.1.1;
						TestTargetID = 3E4FE10E1A4BD95F00A2B993;
					};
				};
			};
			buildConfigurationList = 3E4FE10A1A4BD95F00A2B993 /* Build configuration list for PBXProject "WESOptGuide" */;
			compatibilityVersion = "Xcode 3.2";
			developmentRegion = English;
			hasScannedForEncodings = 0;
			knownRegions = (
				en,
				Base,
			);
			mainGroup = 3E4FE1061A4BD95F00A2B993;
			productRefGroup = 3E4FE1101A4BD95F00A2B993 /* Products */;
			projectDirPath = "";
			projectRoot = "";
			targets = (
				3E4FE10E1A4BD95F00A2B993 /* WESOptGuide */,
				3E4FE1271A4BD95F00A2B993 /* WESOptGuideTests */,
			);
		};
/* End PBXProject section */

/* Begin PBXResourcesBuildPhase section */
		3E4FE10D1A4BD95F00A2B993 /* Resources */ = {
			isa = PBXResourcesBuildPhase;
			buildActionMask = 2147483647;
			files = (
				3EF6F7EA1AA6B2650058D909 /* glaucoma.json in Resources */,
				3EF6F7E61AA4D9630058D909 /* nsAids.json in Resources */,
				3E4B1F2A1AA3F39600EB20EC /* Antibiotics.json in Resources */,
				3EF6F7E41AA4D42E0058D909 /* steroidAntibiotic.json in Resources */,
				3E4FE11E1A4BD95F00A2B993 /* Main.storyboard in Resources */,
				3EF6F7F21AA6B7010058D909 /* diplopia.jpg in Resources */,
				3EF6F7F11AA6B7010058D909 /* epiphora.jpg in Resources */,
				3E4FE1231A4BD95F00A2B993 /* LaunchScreen.xib in Resources */,
				3EF6F7EF1AA6B7010058D909 /* redEye.jpg in Resources */,
				3EF6F7E01AA3FE980058D909 /* Anti_Allergy_Medications.json in Resources */,
				3E4FE1201A4BD95F00A2B993 /* Images.xcassets in Resources */,
				3EF6F7E81AA6B11A0058D909 /* antivirals.json in Resources */,
				3EF6F7F01AA6B7010058D909 /* visualLoss.jpg in Resources */,
				3EF6F7E21AA4D25A0058D909 /* AntiInflamatory.json in Resources */,
			);
			runOnlyForDeploymentPostprocessing = 0;
		};
		3E4FE1261A4BD95F00A2B993 /* Resources */ = {
			isa = PBXResourcesBuildPhase;
			buildActionMask = 2147483647;
			files = (
			);
			runOnlyForDeploymentPostprocessing = 0;
		};
/* End PBXResourcesBuildPhase section */

/* Begin PBXSourcesBuildPhase section */
		3E4FE10B1A4BD95F00A2B993 /* Sources */ = {
			isa = PBXSourcesBuildPhase;
			buildActionMask = 2147483647;
			files = (
				3E2354821AD0D741009B0DB0 /* WESCISSViewController.m in Sources */,
				3ECB0A8E1AC3590000A2AAAB /* WESQualityOfLifeViewController.m in Sources */,
				3E4FE13A1A4BDA0C00A2B993 /* WESDrugTableViewController.m in Sources */,
				3EF6F7F81AA6B8C60058D909 /* WESFlowChartTableViewCell.m in Sources */,
				3ECB0A911AC3623D00A2AAAB /* WESQualityQuestionCellTableViewCell.m in Sources */,
				3E4FE14A1A4BE97900A2B993 /* WESAcronym.m in Sources */,
				3EF6F7FE1AA7CBE30058D909 /* WESAcronymTableViewCell.m in Sources */,
				3ECB0A8B1AC2536D00A2AAAB /* WESJNC8SummaryViewController.m in Sources */,
				3E4FE13D1A4BDB0900A2B993 /* WESDrug.m in Sources */,
				3E23547F1ACC8D66009B0DB0 /* WESQualityOfLifeFooterTableViewCell.m in Sources */,
				3EC26C811ABA208500FD0A88 /* WESDrugTransition.m in Sources */,
				3E4FE1401A4BE21200A2B993 /* WESDrugDetailViewController.m in Sources */,
				3EF6F7F51AA6B8890058D909 /* WESFlowChartTableViewController.m in Sources */,
				3EF6F7FB1AA7B7D80058D909 /* WESFlowChartDetailViewController.m in Sources */,
				3E4FE1181A4BD95F00A2B993 /* AppDelegate.m in Sources */,
				3E4FE1471A4BE94A00A2B993 /* WESAcronymViewController.m in Sources */,
				3EF6F8061AA7D91F0058D909 /* WESHeaderTableViewCell.m in Sources */,
				3E4FE1151A4BD95F00A2B993 /* main.m in Sources */,
			);
			runOnlyForDeploymentPostprocessing = 0;
		};
		3E4FE1241A4BD95F00A2B993 /* Sources */ = {
			isa = PBXSourcesBuildPhase;
			buildActionMask = 2147483647;
			files = (
				3E4FE12F1A4BD95F00A2B993 /* WESOptGuideTests.m in Sources */,
			);
			runOnlyForDeploymentPostprocessing = 0;
		};
/* End PBXSourcesBuildPhase section */

/* Begin PBXTargetDependency section */
		3E4FE12A1A4BD95F00A2B993 /* PBXTargetDependency */ = {
			isa = PBXTargetDependency;
			target = 3E4FE10E1A4BD95F00A2B993 /* WESOptGuide */;
			targetProxy = 3E4FE1291A4BD95F00A2B993 /* PBXContainerItemProxy */;
		};
/* End PBXTargetDependency section */

/* Begin PBXVariantGroup section */
		3E4FE11C1A4BD95F00A2B993 /* Main.storyboard */ = {
			isa = PBXVariantGroup;
			children = (
				3E4FE11D1A4BD95F00A2B993 /* Base */,
			);
			name = Main.storyboard;
			sourceTree = "<group>";
		};
		3E4FE1211A4BD95F00A2B993 /* LaunchScreen.xib */ = {
			isa = PBXVariantGroup;
			children = (
				3E4FE1221A4BD95F00A2B993 /* Base */,
			);
			name = LaunchScreen.xib;
			sourceTree = "<group>";
		};
/* End PBXVariantGroup section */

/* Begin XCBuildConfiguration section */
		3E4FE1301A4BD95F00A2B993 /* Debug */ = {
			isa = XCBuildConfiguration;
			buildSettings = {
				ALWAYS_SEARCH_USER_PATHS = NO;
				CLANG_CXX_LANGUAGE_STANDARD = "gnu++0x";
				CLANG_CXX_LIBRARY = "libc++";
				CLANG_ENABLE_MODULES = YES;
				CLANG_ENABLE_OBJC_ARC = YES;
				CLANG_WARN_BOOL_CONVERSION = YES;
				CLANG_WARN_CONSTANT_CONVERSION = YES;
				CLANG_WARN_DIRECT_OBJC_ISA_USAGE = YES_ERROR;
				CLANG_WARN_EMPTY_BODY = YES;
				CLANG_WARN_ENUM_CONVERSION = YES;
				CLANG_WARN_INT_CONVERSION = YES;
				CLANG_WARN_OBJC_ROOT_CLASS = YES_ERROR;
				CLANG_WARN_UNREACHABLE_CODE = YES;
				CLANG_WARN__DUPLICATE_METHOD_MATCH = YES;
				"CODE_SIGN_IDENTITY[sdk=iphoneos*]" = "iPhone Developer";
				COPY_PHASE_STRIP = NO;
				ENABLE_STRICT_OBJC_MSGSEND = YES;
				GCC_C_LANGUAGE_STANDARD = gnu99;
				GCC_DYNAMIC_NO_PIC = NO;
				GCC_OPTIMIZATION_LEVEL = 0;
				GCC_PREPROCESSOR_DEFINITIONS = (
					"DEBUG=1",
					"$(inherited)",
				);
				GCC_SYMBOLS_PRIVATE_EXTERN = NO;
				GCC_WARN_64_TO_32_BIT_CONVERSION = YES;
				GCC_WARN_ABOUT_RETURN_TYPE = YES_ERROR;
				GCC_WARN_UNDECLARED_SELECTOR = YES;
				GCC_WARN_UNINITIALIZED_AUTOS = YES_AGGRESSIVE;
				GCC_WARN_UNUSED_FUNCTION = YES;
				GCC_WARN_UNUSED_VARIABLE = YES;
				IPHONEOS_DEPLOYMENT_TARGET = 8.1;
				MTL_ENABLE_DEBUG_INFO = YES;
				ONLY_ACTIVE_ARCH = YES;
				SDKROOT = iphoneos;
			};
			name = Debug;
		};
		3E4FE1311A4BD95F00A2B993 /* Release */ = {
			isa = XCBuildConfiguration;
			buildSettings = {
				ALWAYS_SEARCH_USER_PATHS = NO;
				CLANG_CXX_LANGUAGE_STANDARD = "gnu++0x";
				CLANG_CXX_LIBRARY = "libc++";
				CLANG_ENABLE_MODULES = YES;
				CLANG_ENABLE_OBJC_ARC = YES;
				CLANG_WARN_BOOL_CONVERSION = YES;
				CLANG_WARN_CONSTANT_CONVERSION = YES;
				CLANG_WARN_DIRECT_OBJC_ISA_USAGE = YES_ERROR;
				CLANG_WARN_EMPTY_BODY = YES;
				CLANG_WARN_ENUM_CONVERSION = YES;
				CLANG_WARN_INT_CONVERSION = YES;
				CLANG_WARN_OBJC_ROOT_CLASS = YES_ERROR;
				CLANG_WARN_UNREACHABLE_CODE = YES;
				CLANG_WARN__DUPLICATE_METHOD_MATCH = YES;
				"CODE_SIGN_IDENTITY[sdk=iphoneos*]" = "iPhone Developer";
				COPY_PHASE_STRIP = YES;
				ENABLE_NS_ASSERTIONS = NO;
				ENABLE_STRICT_OBJC_MSGSEND = YES;
				GCC_C_LANGUAGE_STANDARD = gnu99;
				GCC_WARN_64_TO_32_BIT_CONVERSION = YES;
				GCC_WARN_ABOUT_RETURN_TYPE = YES_ERROR;
				GCC_WARN_UNDECLARED_SELECTOR = YES;
				GCC_WARN_UNINITIALIZED_AUTOS = YES_AGGRESSIVE;
				GCC_WARN_UNUSED_FUNCTION = YES;
				GCC_WARN_UNUSED_VARIABLE = YES;
				IPHONEOS_DEPLOYMENT_TARGET = 8.1;
				MTL_ENABLE_DEBUG_INFO = NO;
				SDKROOT = iphoneos;
				VALIDATE_PRODUCT = YES;
			};
			name = Release;
		};
		3E4FE1331A4BD95F00A2B993 /* Debug */ = {
			isa = XCBuildConfiguration;
			buildSettings = {
				ASSETCATALOG_COMPILER_APPICON_NAME = AppIcon;
				INFOPLIST_FILE = WESOptGuide/Info.plist;
				LD_RUNPATH_SEARCH_PATHS = "$(inherited) @executable_path/Frameworks";
				PRODUCT_NAME = "$(TARGET_NAME)";
			};
			name = Debug;
		};
		3E4FE1341A4BD95F00A2B993 /* Release */ = {
			isa = XCBuildConfiguration;
			buildSettings = {
				ASSETCATALOG_COMPILER_APPICON_NAME = AppIcon;
				INFOPLIST_FILE = WESOptGuide/Info.plist;
				LD_RUNPATH_SEARCH_PATHS = "$(inherited) @executable_path/Frameworks";
				PRODUCT_NAME = "$(TARGET_NAME)";
			};
			name = Release;
		};
		3E4FE1361A4BD95F00A2B993 /* Debug */ = {
			isa = XCBuildConfiguration;
			buildSettings = {
				BUNDLE_LOADER = "$(TEST_HOST)";
				FRAMEWORK_SEARCH_PATHS = (
					"$(SDKROOT)/Developer/Library/Frameworks",
					"$(inherited)",
				);
				GCC_PREPROCESSOR_DEFINITIONS = (
					"DEBUG=1",
					"$(inherited)",
				);
				INFOPLIST_FILE = WESOptGuideTests/Info.plist;
				LD_RUNPATH_SEARCH_PATHS = "$(inherited) @executable_path/Frameworks @loader_path/Frameworks";
				PRODUCT_NAME = "$(TARGET_NAME)";
				TEST_HOST = "$(BUILT_PRODUCTS_DIR)/WESOptGuide.app/WESOptGuide";
			};
			name = Debug;
		};
		3E4FE1371A4BD95F00A2B993 /* Release */ = {
			isa = XCBuildConfiguration;
			buildSettings = {
				BUNDLE_LOADER = "$(TEST_HOST)";
				FRAMEWORK_SEARCH_PATHS = (
					"$(SDKROOT)/Developer/Library/Frameworks",
					"$(inherited)",
				);
				INFOPLIST_FILE = WESOptGuideTests/Info.plist;
				LD_RUNPATH_SEARCH_PATHS = "$(inherited) @executable_path/Frameworks @loader_path/Frameworks";
				PRODUCT_NAME = "$(TARGET_NAME)";
				TEST_HOST = "$(BUILT_PRODUCTS_DIR)/WESOptGuide.app/WESOptGuide";
			};
			name = Release;
		};
/* End XCBuildConfiguration section */

/* Begin XCConfigurationList section */
		3E4FE10A1A4BD95F00A2B993 /* Build configuration list for PBXProject "WESOptGuide" */ = {
			isa = XCConfigurationList;
			buildConfigurations = (
				3E4FE1301A4BD95F00A2B993 /* Debug */,
				3E4FE1311A4BD95F00A2B993 /* Release */,
			);
			defaultConfigurationIsVisible = 0;
			defaultConfigurationName = Release;
		};
		3E4FE1321A4BD95F00A2B993 /* Build configuration list for PBXNativeTarget "WESOptGuide" */ = {
			isa = XCConfigurationList;
			buildConfigurations = (
				3E4FE1331A4BD95F00A2B993 /* Debug */,
				3E4FE1341A4BD95F00A2B993 /* Release */,
			);
			defaultConfigurationIsVisible = 0;
			defaultConfigurationName = Release;
		};
		3E4FE1351A4BD95F00A2B993 /* Build configuration list for PBXNativeTarget "WESOptGuideTests" */ = {
			isa = XCConfigurationList;
			buildConfigurations = (
				3E4FE1361A4BD95F00A2B993 /* Debug */,
				3E4FE1371A4BD95F00A2B993 /* Release */,
			);
			defaultConfigurationIsVisible = 0;
			defaultConfigurationName = Release;
		};
/* End XCConfigurationList section */
	};
	rootObject = 3E4FE1071A4BD95F00A2B993 /* Project object */;
}
